{
  "version": 4,
  "terraform_version": "1.14.8",
  "serial": 47,
  "lineage": "26b84c02-aa41-072f-502f-72e45db8c12c",
  "outputs": {
    "log_analytics": {
      "value": {
        "dev": "/subscriptions/de07080a-e55f-4426-853d-de09e6de66a8/resourceGroups/module-dev-rg/providers/Microsoft.OperationalInsights/workspaces/dev-law",
        "prod": "/subscriptions/de07080a-e55f-4426-853d-de09e6de66a8/resourceGroups/module-prod-rg/providers/Microsoft.OperationalInsights/workspaces/prod-law",
        "uat": "/subscriptions/de07080a-e55f-4426-853d-de09e6de66a8/resourceGroups/module-uat-rg/providers/Microsoft.OperationalInsights/workspaces/uat-law"
      },
      "type": [
        "object",
        {
          "dev": "string",
          "prod": "string",
          "uat": "string"
        }
      ]
    },
    "nsgs": {
      "value": {
        "dev": "/subscriptions/de07080a-e55f-4426-853d-de09e6de66a8/resourceGroups/module-dev-rg/providers/Microsoft.Network/networkSecurityGroups/dev-nsg",
        "prod": "/subscriptions/de07080a-e55f-4426-853d-de09e6de66a8/resourceGroups/module-prod-rg/providers/Microsoft.Network/networkSecurityGroups/prod-nsg",
        "uat": "/subscriptions/de07080a-e55f-4426-853d-de09e6de66a8/resourceGroups/module-uat-rg/providers/Microsoft.Network/networkSecurityGroups/uat-nsg"
      },
      "type": [
        "object",
        {
          "dev": "string",
          "prod": "string",
          "uat": "string"
        }
      ]
    },
    "resource_groups": {
      "value": {
        "dev": "module-dev-rg",
        "prod": "module-prod-rg",
        "uat": "module-uat-rg"
      },
      "type": [
        "object",
        {
          "dev": "string",
          "prod": "string",
          "uat": "string"
        }
      ]
    },
    "security_keyvaults": {
      "value": {
        "dev": "/subscriptions/de07080a-e55f-4426-853d-de09e6de66a8/resourceGroups/module-dev-rg/providers/Microsoft.KeyVault/vaults/kv-dev-lz-001",
        "prod": "/subscriptions/de07080a-e55f-4426-853d-de09e6de66a8/resourceGroups/module-prod-rg/providers/Microsoft.KeyVault/vaults/kv-prod-lz-001",
        "uat": "/subscriptions/de07080a-e55f-4426-853d-de09e6de66a8/resourceGroups/module-uat-rg/providers/Microsoft.KeyVault/vaults/kv-uat-lz-001"
      },
      "type": [
        "object",
        {
          "dev": "string",
          "prod": "string",
          "uat": "string"
        }
      ]
    },
    "subnets": {
      "value": {
        "dev-app": "/subscriptions/de07080a-e55f-4426-853d-de09e6de66a8/resourceGroups/module-dev-rg/providers/Microsoft.Network/virtualNetworks/dev-vnet/subnets/app",
        "dev-db": "/subscriptions/de07080a-e55f-4426-853d-de09e6de66a8/resourceGroups/module-dev-rg/providers/Microsoft.Network/virtualNetworks/dev-vnet/subnets/db",
        "dev-web": "/subscriptions/de07080a-e55f-4426-853d-de09e6de66a8/resourceGroups/module-dev-rg/providers/Microsoft.Network/virtualNetworks/dev-vnet/subnets/web",
        "prod-app": "/subscriptions/de07080a-e55f-4426-853d-de09e6de66a8/resourceGroups/module-prod-rg/providers/Microsoft.Network/virtualNetworks/prod-vnet/subnets/app",
        "prod-db": "/subscriptions/de07080a-e55f-4426-853d-de09e6de66a8/resourceGroups/module-prod-rg/providers/Microsoft.Network/virtualNetworks/prod-vnet/subnets/db",
        "prod-web": "/subscriptions/de07080a-e55f-4426-853d-de09e6de66a8/resourceGroups/module-prod-rg/providers/Microsoft.Network/virtualNetworks/prod-vnet/subnets/web",
        "uat-app": "/subscriptions/de07080a-e55f-4426-853d-de09e6de66a8/resourceGroups/module-uat-rg/providers/Microsoft.Network/virtualNetworks/uat-vnet/subnets/app",
        "uat-db": "/subscriptions/de07080a-e55f-4426-853d-de09e6de66a8/resourceGroups/module-uat-rg/providers/Microsoft.Network/virtualNetworks/uat-vnet/subnets/db",
        "uat-web": "/subscriptions/de07080a-e55f-4426-853d-de09e6de66a8/resourceGroups/module-uat-rg/providers/Microsoft.Network/virtualNetworks/uat-vnet/subnets/web"
      },
      "type": [
        "object",
        {
          "dev-app": "string",
          "dev-db": "string",
          "dev-web": "string",
          "prod-app": "string",
          "prod-db": "string",
          "prod-web": "string",
          "uat-app": "string",
          "uat-db": "string",
          "uat-web": "string"
        }
      ]
    },
    "vnets": {
      "value": {
        "dev": "dev-vnet",
        "prod": "prod-vnet",
        "uat": "uat-vnet"
      },
      "type": [
        "object",
        {
          "dev": "string",
          "prod": "string",
          "uat": "string"
        }
      ]
    }
  },
  "resources": [
    {
      "module": "module.keyvault_compliance[\"dev\"]",
      "mode": "managed",
      "type": "azurerm_monitor_diagnostic_setting",
      "name": "this",
      "provider": "provider[\"registry.terraform.io/hashicorp/azurerm\"]",
      "instances": [
        {
          "schema_version": 0,
          "attributes": {
            "enabled_log": [],
            "eventhub_authorization_rule_id": "",
            "eventhub_name": "",
            "id": "/subscriptions/de07080a-e55f-4426-853d-de09e6de66a8/resourceGroups/module-dev-rg/providers/Microsoft.KeyVault/vaults/kv-dev-lz-001|diag-dev-keyvault",
            "log_analytics_destination_type": "AzureDiagnostics",
            "log_analytics_workspace_id": "/subscriptions/de07080a-e55f-4426-853d-de09e6de66a8/resourceGroups/module-dev-rg/providers/Microsoft.OperationalInsights/workspaces/dev-law",
            "metric": [
              {
                "category": "AllMetrics",
                "enabled": true,
                "retention_policy": []
              }
            ],
            "name": "diag-dev-keyvault",
            "partner_solution_id": null,
            "storage_account_id": null,
            "target_resource_id": "/subscriptions/de07080a-e55f-4426-853d-de09e6de66a8/resourceGroups/module-dev-rg/providers/Microsoft.KeyVault/vaults/kv-dev-lz-001",
            "timeouts": null
          },
          "sensitive_attributes": [],
          "identity_schema_version": 0,
          "private": "eyJlMmJmYjczMC1lY2FhLTExZTYtOGY4OC0zNDM2M2JjN2M0YzAiOnsiY3JlYXRlIjoxODAwMDAwMDAwMDAwLCJkZWxldGUiOjM2MDAwMDAwMDAwMDAsInJlYWQiOjMwMDAwMDAwMDAwMCwidXBkYXRlIjoxODAwMDAwMDAwMDAwfX0=",
          "dependencies": [
            "module.monitoring.azurerm_log_analytics_workspace.this",
            "module.resource_groups.azurerm_resource_group.this",
            "module.security.azurerm_key_vault.this"
          ]
        }
      ]
    },
    {
      "module": "module.keyvault_compliance[\"prod\"]",
      "mode": "managed",
      "type": "azurerm_monitor_diagnostic_setting",
      "name": "this",
      "provider": "provider[\"registry.terraform.io/hashicorp/azurerm\"]",
      "instances": [
        {
          "schema_version": 0,
          "attributes": {
            "enabled_log": [],
            "eventhub_authorization_rule_id": "",
            "eventhub_name": "",
            "id": "/subscriptions/de07080a-e55f-4426-853d-de09e6de66a8/resourceGroups/module-prod-rg/providers/Microsoft.KeyVault/vaults/kv-prod-lz-001|diag-prod-keyvault",
            "log_analytics_destination_type": "AzureDiagnostics",
            "log_analytics_workspace_id": "/subscriptions/de07080a-e55f-4426-853d-de09e6de66a8/resourceGroups/module-prod-rg/providers/Microsoft.OperationalInsights/workspaces/prod-law",
            "metric": [
              {
                "category": "AllMetrics",
                "enabled": true,
                "retention_policy": []
              }
            ],
            "name": "diag-prod-keyvault",
            "partner_solution_id": null,
            "storage_account_id": null,
            "target_resource_id": "/subscriptions/de07080a-e55f-4426-853d-de09e6de66a8/resourceGroups/module-prod-rg/providers/Microsoft.KeyVault/vaults/kv-prod-lz-001",
            "timeouts": null
          },
          "sensitive_attributes": [],
          "identity_schema_version": 0,
          "private": "eyJlMmJmYjczMC1lY2FhLTExZTYtOGY4OC0zNDM2M2JjN2M0YzAiOnsiY3JlYXRlIjoxODAwMDAwMDAwMDAwLCJkZWxldGUiOjM2MDAwMDAwMDAwMDAsInJlYWQiOjMwMDAwMDAwMDAwMCwidXBkYXRlIjoxODAwMDAwMDAwMDAwfX0=",
          "dependencies": [
            "module.monitoring.azurerm_log_analytics_workspace.this",
            "module.resource_groups.azurerm_resource_group.this",
            "module.security.azurerm_key_vault.this"
          ]
        }
      ]
    },
    {
      "module": "module.keyvault_compliance[\"uat\"]",
      "mode": "managed",
      "type": "azurerm_monitor_diagnostic_setting",
      "name": "this",
      "provider": "provider[\"registry.terraform.io/hashicorp/azurerm\"]",
      "instances": [
        {
          "schema_version": 0,
          "attributes": {
            "enabled_log": [],
            "eventhub_authorization_rule_id": "",
            "eventhub_name": "",
            "id": "/subscriptions/de07080a-e55f-4426-853d-de09e6de66a8/resourceGroups/module-uat-rg/providers/Microsoft.KeyVault/vaults/kv-uat-lz-001|diag-uat-keyvault",
            "log_analytics_destination_type": "AzureDiagnostics",
            "log_analytics_workspace_id": "/subscriptions/de07080a-e55f-4426-853d-de09e6de66a8/resourceGroups/module-uat-rg/providers/Microsoft.OperationalInsights/workspaces/uat-law",
            "metric": [
              {
                "category": "AllMetrics",
                "enabled": true,
                "retention_policy": []
              }
            ],
            "name": "diag-uat-keyvault",
            "partner_solution_id": null,
            "storage_account_id": null,
            "target_resource_id": "/subscriptions/de07080a-e55f-4426-853d-de09e6de66a8/resourceGroups/module-uat-rg/providers/Microsoft.KeyVault/vaults/kv-uat-lz-001",
            "timeouts": null
          },
          "sensitive_attributes": [],
          "identity_schema_version": 0,
          "private": "eyJlMmJmYjczMC1lY2FhLTExZTYtOGY4OC0zNDM2M2JjN2M0YzAiOnsiY3JlYXRlIjoxODAwMDAwMDAwMDAwLCJkZWxldGUiOjM2MDAwMDAwMDAwMDAsInJlYWQiOjMwMDAwMDAwMDAwMCwidXBkYXRlIjoxODAwMDAwMDAwMDAwfX0=",
          "dependencies": [
            "module.monitoring.azurerm_log_analytics_workspace.this",
            "module.resource_groups.azurerm_resource_group.this",
            "module.security.azurerm_key_vault.this"
          ]
        }
      ]
    },
    {
      "module": "module.monitoring[\"dev\"]",
      "mode": "managed",
      "type": "azurerm_log_analytics_workspace",
      "name": "this",
      "provider": "provider[\"registry.terraform.io/hashicorp/azurerm\"]",
      "instances": [
        {
          "schema_version": 3,
          "attributes": {
            "allow_resource_only_permissions": true,
            "cmk_for_query_forced": false,
            "daily_quota_gb": -1,
            "data_collection_rule_id": "",
            "id": "/subscriptions/de07080a-e55f-4426-853d-de09e6de66a8/resourceGroups/module-dev-rg/providers/Microsoft.OperationalInsights/workspaces/dev-law",
            "identity": [],
            "immediate_data_purge_on_30_days_enabled": false,
            "internet_ingestion_enabled": true,
            "internet_query_enabled": true,
            "local_authentication_disabled": false,
            "location": "eastus",
            "name": "dev-law",
            "primary_shared_key": "SKuCeQKtT1Q1NPLEu1tn4Cf5lFb6QlOerj0RxB3FNXrwsTmoP64WxD9TnHpaUNnRhYG93/Zx2DWSHICVpCeJ8A==",
            "reservation_capacity_in_gb_per_day": null,
            "resource_group_name": "module-dev-rg",
            "retention_in_days": 30,
            "secondary_shared_key": "BWHGZ5u+W3m5KgDIf+EF1C4Jy+fNF4lPrsP/Oj6Atd4ndRupHxkwfg/eYfdZiJif7H83ZrL2Mgjm9jUSMx++sA==",
            "sku": "PerGB2018",
            "tags": {
              "environment": "dev",
              "owner": "devops"
            },
            "timeouts": null,
            "workspace_id": "8448b818-5c8f-48a6-abdb-30917ac83643"
          },
          "sensitive_attributes": [
            [
              {
                "type": "get_attr",
                "value": "primary_shared_key"
              }
            ],
            [
              {
                "type": "get_attr",
                "value": "secondary_shared_key"
              }
            ]
          ],
          "identity_schema_version": 0,
          "private": "eyJlMmJmYjczMC1lY2FhLTExZTYtOGY4OC0zNDM2M2JjN2M0YzAiOnsiY3JlYXRlIjoxODAwMDAwMDAwMDAwLCJkZWxldGUiOjE4MDAwMDAwMDAwMDAsInJlYWQiOjMwMDAwMDAwMDAwMCwidXBkYXRlIjoxODAwMDAwMDAwMDAwfSwic2NoZW1hX3ZlcnNpb24iOiIzIn0=",
          "dependencies": [
            "module.resource_groups.azurerm_resource_group.this"
          ]
        }
      ]
    },
    {
      "module": "module.monitoring[\"prod\"]",
      "mode": "managed",
      "type": "azurerm_log_analytics_workspace",
      "name": "this",
      "provider": "provider[\"registry.terraform.io/hashicorp/azurerm\"]",
      "instances": [
        {
          "schema_version": 3,
          "attributes": {
            "allow_resource_only_permissions": true,
            "cmk_for_query_forced": false,
            "daily_quota_gb": -1,
            "data_collection_rule_id": "",
            "id": "/subscriptions/de07080a-e55f-4426-853d-de09e6de66a8/resourceGroups/module-prod-rg/providers/Microsoft.OperationalInsights/workspaces/prod-law",
            "identity": [],
            "immediate_data_purge_on_30_days_enabled": false,
            "internet_ingestion_enabled": true,
            "internet_query_enabled": true,
            "local_authentication_disabled": false,
            "location": "westus",
            "name": "prod-law",
            "primary_shared_key": "BfHqNiuLUcHAoGGYC6RVIcm06NNKfpSud2rTsQ/3yfV9fEe7BodWMlPR9bytF8zh4rESnNjH1a3vjgvge/NG0Q==",
            "reservation_capacity_in_gb_per_day": null,
            "resource_group_name": "module-prod-rg",
            "retention_in_days": 30,
            "secondary_shared_key": "zIaCc9NpothjSAxQTmZHMe6Tek11OVSBkGB+hDUQvxuKFMPOlwoYEhs9j3OvIH9MjMi/Gons+furH1sP52uIeg==",
            "sku": "PerGB2018",
            "tags": {
              "environment": "prod",
              "owner": "platform"
            },
            "timeouts": null,
            "workspace_id": "4196d58c-5ef1-4221-8b99-f01c1a21f979"
          },
          "sensitive_attributes": [
            [
              {
                "type": "get_attr",
                "value": "primary_shared_key"
              }
            ],
            [
              {
                "type": "get_attr",
                "value": "secondary_shared_key"
              }
            ]
          ],
          "identity_schema_version": 0,
          "private": "eyJlMmJmYjczMC1lY2FhLTExZTYtOGY4OC0zNDM2M2JjN2M0YzAiOnsiY3JlYXRlIjoxODAwMDAwMDAwMDAwLCJkZWxldGUiOjE4MDAwMDAwMDAwMDAsInJlYWQiOjMwMDAwMDAwMDAwMCwidXBkYXRlIjoxODAwMDAwMDAwMDAwfSwic2NoZW1hX3ZlcnNpb24iOiIzIn0=",
          "dependencies": [
            "module.resource_groups.azurerm_resource_group.this"
          ]
        }
      ]
    },
    {
      "module": "module.monitoring[\"uat\"]",
      "mode": "managed",
      "type": "azurerm_log_analytics_workspace",
      "name": "this",
      "provider": "provider[\"registry.terraform.io/hashicorp/azurerm\"]",
      "instances": [
        {
          "schema_version": 3,
          "attributes": {
            "allow_resource_only_permissions": true,
            "cmk_for_query_forced": false,
            "daily_quota_gb": -1,
            "data_collection_rule_id": "",
            "id": "/subscriptions/de07080a-e55f-4426-853d-de09e6de66a8/resourceGroups/module-uat-rg/providers/Microsoft.OperationalInsights/workspaces/uat-law",
            "identity": [],
            "immediate_data_purge_on_30_days_enabled": false,
            "internet_ingestion_enabled": true,
            "internet_query_enabled": true,
            "local_authentication_disabled": false,
            "location": "westus",
            "name": "uat-law",
            "primary_shared_key": "xHREzCAy/v3QnuyhYIBpx0GiSGbGlwFtyRk89Y9QpyVSqTNv55eNUMfny4iM1pm4GwGFF8g1WgF51D43kYsPsg==",
            "reservation_capacity_in_gb_per_day": null,
            "resource_group_name": "module-uat-rg",
            "retention_in_days": 30,
            "secondary_shared_key": "jpq2dKYA9f19wNFvoGkWS9XBXTJInROavoKPyZNXWzZVAnTaFtcZ2tbnTmUJvFvdLc/lvIB3pAbGZCL51q6PIg==",
            "sku": "PerGB2018",
            "tags": {
              "environment": "uat",
              "owner": "devops"
            },
            "timeouts": null,
            "workspace_id": "9a01fb14-f818-4257-a624-e04184c87ba8"
          },
          "sensitive_attributes": [
            [
              {
                "type": "get_attr",
                "value": "primary_shared_key"
              }
            ],
            [
              {
                "type": "get_attr",
                "value": "secondary_shared_key"
              }
            ]
          ],
          "identity_schema_version": 0,
          "private": "eyJlMmJmYjczMC1lY2FhLTExZTYtOGY4OC0zNDM2M2JjN2M0YzAiOnsiY3JlYXRlIjoxODAwMDAwMDAwMDAwLCJkZWxldGUiOjE4MDAwMDAwMDAwMDAsInJlYWQiOjMwMDAwMDAwMDAwMCwidXBkYXRlIjoxODAwMDAwMDAwMDAwfSwic2NoZW1hX3ZlcnNpb24iOiIzIn0=",
          "dependencies": [
            "module.resource_groups.azurerm_resource_group.this"
          ]
        }
      ]
    },
    {
      "module": "module.networking[\"dev\"]",
      "mode": "managed",
      "type": "azurerm_virtual_network",
      "name": "this",
      "provider": "provider[\"registry.terraform.io/hashicorp/azurerm\"]",
      "instances": [
        {
          "schema_version": 0,
          "attributes": {
            "address_space": [
              "10.10.0.0/16"
            ],
            "bgp_community": "",
            "ddos_protection_plan": [],
            "dns_servers": [],
            "edge_zone": "",
            "encryption": [],
            "flow_timeout_in_minutes": 0,
            "guid": "860601e1-ebfb-4368-baf5-5a5d367a51f5",
            "id": "/subscriptions/de07080a-e55f-4426-853d-de09e6de66a8/resourceGroups/module-dev-rg/providers/Microsoft.Network/virtualNetworks/dev-vnet",
            "location": "eastus",
            "name": "dev-vnet",
            "resource_group_name": "module-dev-rg",
            "subnet": [],
            "tags": {
              "environment": "dev",
              "owner": "devops"
            },
            "timeouts": null
          },
          "sensitive_attributes": [],
          "identity_schema_version": 0,
          "private": "eyJlMmJmYjczMC1lY2FhLTExZTYtOGY4OC0zNDM2M2JjN2M0YzAiOnsiY3JlYXRlIjoxODAwMDAwMDAwMDAwLCJkZWxldGUiOjE4MDAwMDAwMDAwMDAsInJlYWQiOjMwMDAwMDAwMDAwMCwidXBkYXRlIjoxODAwMDAwMDAwMDAwfX0=",
          "dependencies": [
            "module.resource_groups.azurerm_resource_group.this"
          ]
        }
      ]
    },
    {
      "module": "module.networking[\"prod\"]",
      "mode": "managed",
      "type": "azurerm_virtual_network",
      "name": "this",
      "provider": "provider[\"registry.terraform.io/hashicorp/azurerm\"]",
      "instances": [
        {
          "schema_version": 0,
          "attributes": {
            "address_space": [
              "10.30.0.0/16"
            ],
            "bgp_community": "",
            "ddos_protection_plan": [],
            "dns_servers": [],
            "edge_zone": "",
            "encryption": [],
            "flow_timeout_in_minutes": 0,
            "guid": "bccc5587-cf83-4059-904f-199c76925e49",
            "id": "/subscriptions/de07080a-e55f-4426-853d-de09e6de66a8/resourceGroups/module-prod-rg/providers/Microsoft.Network/virtualNetworks/prod-vnet",
            "location": "westus",
            "name": "prod-vnet",
            "resource_group_name": "module-prod-rg",
            "subnet": [],
            "tags": {
              "environment": "prod",
              "owner": "platform"
            },
            "timeouts": null
          },
          "sensitive_attributes": [],
          "identity_schema_version": 0,
          "private": "eyJlMmJmYjczMC1lY2FhLTExZTYtOGY4OC0zNDM2M2JjN2M0YzAiOnsiY3JlYXRlIjoxODAwMDAwMDAwMDAwLCJkZWxldGUiOjE4MDAwMDAwMDAwMDAsInJlYWQiOjMwMDAwMDAwMDAwMCwidXBkYXRlIjoxODAwMDAwMDAwMDAwfX0=",
          "dependencies": [
            "module.resource_groups.azurerm_resource_group.this"
          ]
        }
      ]
    },
    {
      "module": "module.networking[\"uat\"]",
      "mode": "managed",
      "type": "azurerm_virtual_network",
      "name": "this",
      "provider": "provider[\"registry.terraform.io/hashicorp/azurerm\"]",
      "instances": [
        {
          "schema_version": 0,
          "attributes": {
            "address_space": [
              "10.20.0.0/16"
            ],
            "bgp_community": "",
            "ddos_protection_plan": [],
            "dns_servers": [],
            "edge_zone": "",
            "encryption": [],
            "flow_timeout_in_minutes": 0,
            "guid": "8fb1b953-72b3-4427-a187-fbc7f6f19cb9",
            "id": "/subscriptions/de07080a-e55f-4426-853d-de09e6de66a8/resourceGroups/module-uat-rg/providers/Microsoft.Network/virtualNetworks/uat-vnet",
            "location": "westus",
            "name": "uat-vnet",
            "resource_group_name": "module-uat-rg",
            "subnet": [],
            "tags": {
              "environment": "uat",
              "owner": "devops"
            },
            "timeouts": null
          },
          "sensitive_attributes": [],
          "identity_schema_version": 0,
          "private": "eyJlMmJmYjczMC1lY2FhLTExZTYtOGY4OC0zNDM2M2JjN2M0YzAiOnsiY3JlYXRlIjoxODAwMDAwMDAwMDAwLCJkZWxldGUiOjE4MDAwMDAwMDAwMDAsInJlYWQiOjMwMDAwMDAwMDAwMCwidXBkYXRlIjoxODAwMDAwMDAwMDAwfX0=",
          "dependencies": [
            "module.resource_groups.azurerm_resource_group.this"
          ]
        }
      ]
    },
    {
      "module": "module.nsg[\"dev\"]",
      "mode": "managed",
      "type": "azurerm_network_security_group",
      "name": "this",
      "provider": "provider[\"registry.terraform.io/hashicorp/azurerm\"]",
      "instances": [
        {
          "schema_version": 0,
          "attributes": {
            "id": "/subscriptions/de07080a-e55f-4426-853d-de09e6de66a8/resourceGroups/module-dev-rg/providers/Microsoft.Network/networkSecurityGroups/dev-nsg",
            "location": "eastus",
            "name": "dev-nsg",
            "resource_group_name": "module-dev-rg",
            "security_rule": [
              {
                "access": "Allow",
                "description": "",
                "destination_address_prefix": "*",
                "destination_address_prefixes": [],
                "destination_application_security_group_ids": [],
                "destination_port_range": "443",
                "destination_port_ranges": [],
                "direction": "Inbound",
                "name": "Allow-HTTPS",
                "priority": 100,
                "protocol": "Tcp",
                "source_address_prefix": "*",
                "source_address_prefixes": [],
                "source_application_security_group_ids": [],
                "source_port_range": "*",
                "source_port_ranges": []
              },
              {
                "access": "Deny",
                "description": "",
                "destination_address_prefix": "*",
                "destination_address_prefixes": [],
                "destination_application_security_group_ids": [],
                "destination_port_range": "3389",
                "destination_port_ranges": [],
                "direction": "Inbound",
                "name": "Deny-RDP",
                "priority": 200,
                "protocol": "Tcp",
                "source_address_prefix": "*",
                "source_address_prefixes": [],
                "source_application_security_group_ids": [],
                "source_port_range": "*",
                "source_port_ranges": []
              }
            ],
            "tags": {
              "environment": "dev",
              "owner": "devops"
            },
            "timeouts": null
          },
          "sensitive_attributes": [],
          "identity_schema_version": 0,
          "private": "eyJlMmJmYjczMC1lY2FhLTExZTYtOGY4OC0zNDM2M2JjN2M0YzAiOnsiY3JlYXRlIjoxODAwMDAwMDAwMDAwLCJkZWxldGUiOjE4MDAwMDAwMDAwMDAsInJlYWQiOjMwMDAwMDAwMDAwMCwidXBkYXRlIjoxODAwMDAwMDAwMDAwfX0=",
          "dependencies": [
            "module.resource_groups.azurerm_resource_group.this"
          ]
        }
      ]
    },
    {
      "module": "module.nsg[\"prod\"]",
      "mode": "managed",
      "type": "azurerm_network_security_group",
      "name": "this",
      "provider": "provider[\"registry.terraform.io/hashicorp/azurerm\"]",
      "instances": [
        {
          "schema_version": 0,
          "attributes": {
            "id": "/subscriptions/de07080a-e55f-4426-853d-de09e6de66a8/resourceGroups/module-prod-rg/providers/Microsoft.Network/networkSecurityGroups/prod-nsg",
            "location": "westus",
            "name": "prod-nsg",
            "resource_group_name": "module-prod-rg",
            "security_rule": [
              {
                "access": "Allow",
                "description": "",
                "destination_address_prefix": "*",
                "destination_address_prefixes": [],
                "destination_application_security_group_ids": [],
                "destination_port_range": "443",
                "destination_port_ranges": [],
                "direction": "Inbound",
                "name": "Allow-HTTPS",
                "priority": 100,
                "protocol": "Tcp",
                "source_address_prefix": "*",
                "source_address_prefixes": [],
                "source_application_security_group_ids": [],
                "source_port_range": "*",
                "source_port_ranges": []
              },
              {
                "access": "Deny",
                "description": "",
                "destination_address_prefix": "*",
                "destination_address_prefixes": [],
                "destination_application_security_group_ids": [],
                "destination_port_range": "3389",
                "destination_port_ranges": [],
                "direction": "Inbound",
                "name": "Deny-RDP",
                "priority": 200,
                "protocol": "Tcp",
                "source_address_prefix": "*",
                "source_address_prefixes": [],
                "source_application_security_group_ids": [],
                "source_port_range": "*",
                "source_port_ranges": []
              }
            ],
            "tags": {
              "environment": "prod",
              "owner": "platform"
            },
            "timeouts": null
          },
          "sensitive_attributes": [],
          "identity_schema_version": 0,
          "private": "eyJlMmJmYjczMC1lY2FhLTExZTYtOGY4OC0zNDM2M2JjN2M0YzAiOnsiY3JlYXRlIjoxODAwMDAwMDAwMDAwLCJkZWxldGUiOjE4MDAwMDAwMDAwMDAsInJlYWQiOjMwMDAwMDAwMDAwMCwidXBkYXRlIjoxODAwMDAwMDAwMDAwfX0=",
          "dependencies": [
            "module.resource_groups.azurerm_resource_group.this"
          ]
        }
      ]
    },
    {
      "module": "module.nsg[\"uat\"]",
      "mode": "managed",
      "type": "azurerm_network_security_group",
      "name": "this",
      "provider": "provider[\"registry.terraform.io/hashicorp/azurerm\"]",
      "instances": [
        {
          "schema_version": 0,
          "attributes": {
            "id": "/subscriptions/de07080a-e55f-4426-853d-de09e6de66a8/resourceGroups/module-uat-rg/providers/Microsoft.Network/networkSecurityGroups/uat-nsg",
            "location": "westus",
            "name": "uat-nsg",
            "resource_group_name": "module-uat-rg",
            "security_rule": [
              {
                "access": "Allow",
                "description": "",
                "destination_address_prefix": "*",
                "destination_address_prefixes": [],
                "destination_application_security_group_ids": [],
                "destination_port_range": "443",
                "destination_port_ranges": [],
                "direction": "Inbound",
                "name": "Allow-HTTPS",
                "priority": 100,
                "protocol": "Tcp",
                "source_address_prefix": "*",
                "source_address_prefixes": [],
                "source_application_security_group_ids": [],
                "source_port_range": "*",
                "source_port_ranges": []
              },
              {
                "access": "Deny",
                "description": "",
                "destination_address_prefix": "*",
                "destination_address_prefixes": [],
                "destination_application_security_group_ids": [],
                "destination_port_range": "3389",
                "destination_port_ranges": [],
                "direction": "Inbound",
                "name": "Deny-RDP",
                "priority": 200,
                "protocol": "Tcp",
                "source_address_prefix": "*",
                "source_address_prefixes": [],
                "source_application_security_group_ids": [],
                "source_port_range": "*",
                "source_port_ranges": []
              }
            ],
            "tags": {
              "environment": "uat",
              "owner": "devops"
            },
            "timeouts": null
          },
          "sensitive_attributes": [],
          "identity_schema_version": 0,
          "private": "eyJlMmJmYjczMC1lY2FhLTExZTYtOGY4OC0zNDM2M2JjN2M0YzAiOnsiY3JlYXRlIjoxODAwMDAwMDAwMDAwLCJkZWxldGUiOjE4MDAwMDAwMDAwMDAsInJlYWQiOjMwMDAwMDAwMDAwMCwidXBkYXRlIjoxODAwMDAwMDAwMDAwfX0=",
          "dependencies": [
            "module.resource_groups.azurerm_resource_group.this"
          ]
        }
      ]
    },
    {
      "module": "module.nsg_association[\"dev-app\"]",
      "mode": "managed",
      "type": "azurerm_subnet_network_security_group_association",
      "name": "this",
      "provider": "provider[\"registry.terraform.io/hashicorp/azurerm\"]",
      "instances": [
        {
          "schema_version": 0,
          "attributes": {
            "id": "/subscriptions/de07080a-e55f-4426-853d-de09e6de66a8/resourceGroups/module-dev-rg/providers/Microsoft.Network/virtualNetworks/dev-vnet/subnets/app",
            "network_security_group_id": "/subscriptions/de07080a-e55f-4426-853d-de09e6de66a8/resourceGroups/module-dev-rg/providers/Microsoft.Network/networkSecurityGroups/dev-nsg",
            "subnet_id": "/subscriptions/de07080a-e55f-4426-853d-de09e6de66a8/resourceGroups/module-dev-rg/providers/Microsoft.Network/virtualNetworks/dev-vnet/subnets/app",
            "timeouts": null
          },
          "sensitive_attributes": [],
          "identity_schema_version": 0,
          "private": "eyJlMmJmYjczMC1lY2FhLTExZTYtOGY4OC0zNDM2M2JjN2M0YzAiOnsiY3JlYXRlIjoxODAwMDAwMDAwMDAwLCJkZWxldGUiOjE4MDAwMDAwMDAwMDAsInJlYWQiOjMwMDAwMDAwMDAwMH19",
          "dependencies": [
            "module.networking.azurerm_virtual_network.this",
            "module.nsg.azurerm_network_security_group.this",
            "module.resource_groups.azurerm_resource_group.this",
            "module.subnets.azurerm_subnet.this"
          ]
        }
      ]
    },
    {
      "module": "module.nsg_association[\"dev-db\"]",
      "mode": "managed",
      "type": "azurerm_subnet_network_security_group_association",
      "name": "this",
      "provider": "provider[\"registry.terraform.io/hashicorp/azurerm\"]",
      "instances": [
        {
          "schema_version": 0,
          "attributes": {
            "id": "/subscriptions/de07080a-e55f-4426-853d-de09e6de66a8/resourceGroups/module-dev-rg/providers/Microsoft.Network/virtualNetworks/dev-vnet/subnets/db",
            "network_security_group_id": "/subscriptions/de07080a-e55f-4426-853d-de09e6de66a8/resourceGroups/module-dev-rg/providers/Microsoft.Network/networkSecurityGroups/dev-nsg",
            "subnet_id": "/subscriptions/de07080a-e55f-4426-853d-de09e6de66a8/resourceGroups/module-dev-rg/providers/Microsoft.Network/virtualNetworks/dev-vnet/subnets/db",
            "timeouts": null
          },
          "sensitive_attributes": [],
          "identity_schema_version": 0,
          "private": "eyJlMmJmYjczMC1lY2FhLTExZTYtOGY4OC0zNDM2M2JjN2M0YzAiOnsiY3JlYXRlIjoxODAwMDAwMDAwMDAwLCJkZWxldGUiOjE4MDAwMDAwMDAwMDAsInJlYWQiOjMwMDAwMDAwMDAwMH19",
          "dependencies": [
            "module.networking.azurerm_virtual_network.this",
            "module.nsg.azurerm_network_security_group.this",
            "module.resource_groups.azurerm_resource_group.this",
            "module.subnets.azurerm_subnet.this"
          ]
        }
      ]
    },
    {
      "module": "module.nsg_association[\"dev-web\"]",
      "mode": "managed",
      "type": "azurerm_subnet_network_security_group_association",
      "name": "this",
      "provider": "provider[\"registry.terraform.io/hashicorp/azurerm\"]",
      "instances": [
        {
          "schema_version": 0,
          "attributes": {
            "id": "/subscriptions/de07080a-e55f-4426-853d-de09e6de66a8/resourceGroups/module-dev-rg/providers/Microsoft.Network/virtualNetworks/dev-vnet/subnets/web",
            "network_security_group_id": "/subscriptions/de07080a-e55f-4426-853d-de09e6de66a8/resourceGroups/module-dev-rg/providers/Microsoft.Network/networkSecurityGroups/dev-nsg",
            "subnet_id": "/subscriptions/de07080a-e55f-4426-853d-de09e6de66a8/resourceGroups/module-dev-rg/providers/Microsoft.Network/virtualNetworks/dev-vnet/subnets/web",
            "timeouts": null
          },
          "sensitive_attributes": [],
          "identity_schema_version": 0,
          "private": "eyJlMmJmYjczMC1lY2FhLTExZTYtOGY4OC0zNDM2M2JjN2M0YzAiOnsiY3JlYXRlIjoxODAwMDAwMDAwMDAwLCJkZWxldGUiOjE4MDAwMDAwMDAwMDAsInJlYWQiOjMwMDAwMDAwMDAwMH19",
          "dependencies": [
            "module.networking.azurerm_virtual_network.this",
            "module.nsg.azurerm_network_security_group.this",
            "module.resource_groups.azurerm_resource_group.this",
            "module.subnets.azurerm_subnet.this"
          ]
        }
      ]
    },
    {
      "module": "module.nsg_association[\"prod-app\"]",
      "mode": "managed",
      "type": "azurerm_subnet_network_security_group_association",
      "name": "this",
      "provider": "provider[\"registry.terraform.io/hashicorp/azurerm\"]",
      "instances": [
        {
          "schema_version": 0,
          "attributes": {
            "id": "/subscriptions/de07080a-e55f-4426-853d-de09e6de66a8/resourceGroups/module-prod-rg/providers/Microsoft.Network/virtualNetworks/prod-vnet/subnets/app",
            "network_security_group_id": "/subscriptions/de07080a-e55f-4426-853d-de09e6de66a8/resourceGroups/module-prod-rg/providers/Microsoft.Network/networkSecurityGroups/prod-nsg",
            "subnet_id": "/subscriptions/de07080a-e55f-4426-853d-de09e6de66a8/resourceGroups/module-prod-rg/providers/Microsoft.Network/virtualNetworks/prod-vnet/subnets/app",
            "timeouts": null
          },
          "sensitive_attributes": [],
          "identity_schema_version": 0,
          "private": "eyJlMmJmYjczMC1lY2FhLTExZTYtOGY4OC0zNDM2M2JjN2M0YzAiOnsiY3JlYXRlIjoxODAwMDAwMDAwMDAwLCJkZWxldGUiOjE4MDAwMDAwMDAwMDAsInJlYWQiOjMwMDAwMDAwMDAwMH19",
          "dependencies": [
            "module.networking.azurerm_virtual_network.this",
            "module.nsg.azurerm_network_security_group.this",
            "module.resource_groups.azurerm_resource_group.this",
            "module.subnets.azurerm_subnet.this"
          ]
        }
      ]
    },
    {
      "module": "module.nsg_association[\"prod-db\"]",
      "mode": "managed",
      "type": "azurerm_subnet_network_security_group_association",
      "name": "this",
      "provider": "provider[\"registry.terraform.io/hashicorp/azurerm\"]",
      "instances": [
        {
          "schema_version": 0,
          "attributes": {
            "id": "/subscriptions/de07080a-e55f-4426-853d-de09e6de66a8/resourceGroups/module-prod-rg/providers/Microsoft.Network/virtualNetworks/prod-vnet/subnets/db",
            "network_security_group_id": "/subscriptions/de07080a-e55f-4426-853d-de09e6de66a8/resourceGroups/module-prod-rg/providers/Microsoft.Network/networkSecurityGroups/prod-nsg",
            "subnet_id": "/subscriptions/de07080a-e55f-4426-853d-de09e6de66a8/resourceGroups/module-prod-rg/providers/Microsoft.Network/virtualNetworks/prod-vnet/subnets/db",
            "timeouts": null
          },
          "sensitive_attributes": [],
          "identity_schema_version": 0,
          "private": "eyJlMmJmYjczMC1lY2FhLTExZTYtOGY4OC0zNDM2M2JjN2M0YzAiOnsiY3JlYXRlIjoxODAwMDAwMDAwMDAwLCJkZWxldGUiOjE4MDAwMDAwMDAwMDAsInJlYWQiOjMwMDAwMDAwMDAwMH19",
          "dependencies": [
            "module.networking.azurerm_virtual_network.this",
            "module.nsg.azurerm_network_security_group.this",
            "module.resource_groups.azurerm_resource_group.this",
            "module.subnets.azurerm_subnet.this"
          ]
        }
      ]
    },
    {
      "module": "module.nsg_association[\"prod-web\"]",
      "mode": "managed",
      "type": "azurerm_subnet_network_security_group_association",
      "name": "this",
      "provider": "provider[\"registry.terraform.io/hashicorp/azurerm\"]",
      "instances": [
        {
          "schema_version": 0,
          "attributes": {
            "id": "/subscriptions/de07080a-e55f-4426-853d-de09e6de66a8/resourceGroups/module-prod-rg/providers/Microsoft.Network/virtualNetworks/prod-vnet/subnets/web",
            "network_security_group_id": "/subscriptions/de07080a-e55f-4426-853d-de09e6de66a8/resourceGroups/module-prod-rg/providers/Microsoft.Network/networkSecurityGroups/prod-nsg",
            "subnet_id": "/subscriptions/de07080a-e55f-4426-853d-de09e6de66a8/resourceGroups/module-prod-rg/providers/Microsoft.Network/virtualNetworks/prod-vnet/subnets/web",
            "timeouts": null
          },
          "sensitive_attributes": [],
          "identity_schema_version": 0,
          "private": "eyJlMmJmYjczMC1lY2FhLTExZTYtOGY4OC0zNDM2M2JjN2M0YzAiOnsiY3JlYXRlIjoxODAwMDAwMDAwMDAwLCJkZWxldGUiOjE4MDAwMDAwMDAwMDAsInJlYWQiOjMwMDAwMDAwMDAwMH19",
          "dependencies": [
            "module.networking.azurerm_virtual_network.this",
            "module.nsg.azurerm_network_security_group.this",
            "module.resource_groups.azurerm_resource_group.this",
            "module.subnets.azurerm_subnet.this"
          ]
        }
      ]
    },
    {
      "module": "module.nsg_association[\"uat-app\"]",
      "mode": "managed",
      "type": "azurerm_subnet_network_security_group_association",
      "name": "this",
      "provider": "provider[\"registry.terraform.io/hashicorp/azurerm\"]",
      "instances": [
        {
          "schema_version": 0,
          "attributes": {
            "id": "/subscriptions/de07080a-e55f-4426-853d-de09e6de66a8/resourceGroups/module-uat-rg/providers/Microsoft.Network/virtualNetworks/uat-vnet/subnets/app",
            "network_security_group_id": "/subscriptions/de07080a-e55f-4426-853d-de09e6de66a8/resourceGroups/module-uat-rg/providers/Microsoft.Network/networkSecurityGroups/uat-nsg",
            "subnet_id": "/subscriptions/de07080a-e55f-4426-853d-de09e6de66a8/resourceGroups/module-uat-rg/providers/Microsoft.Network/virtualNetworks/uat-vnet/subnets/app",
            "timeouts": null
          },
          "sensitive_attributes": [],
          "identity_schema_version": 0,
          "private": "eyJlMmJmYjczMC1lY2FhLTExZTYtOGY4OC0zNDM2M2JjN2M0YzAiOnsiY3JlYXRlIjoxODAwMDAwMDAwMDAwLCJkZWxldGUiOjE4MDAwMDAwMDAwMDAsInJlYWQiOjMwMDAwMDAwMDAwMH19",
          "dependencies": [
            "module.networking.azurerm_virtual_network.this",
            "module.nsg.azurerm_network_security_group.this",
            "module.resource_groups.azurerm_resource_group.this",
            "module.subnets.azurerm_subnet.this"
          ]
        }
      ]
    },
    {
      "module": "module.nsg_association[\"uat-db\"]",
      "mode": "managed",
      "type": "azurerm_subnet_network_security_group_association",
      "name": "this",
      "provider": "provider[\"registry.terraform.io/hashicorp/azurerm\"]",
      "instances": [
        {
          "schema_version": 0,
          "attributes": {
            "id": "/subscriptions/de07080a-e55f-4426-853d-de09e6de66a8/resourceGroups/module-uat-rg/providers/Microsoft.Network/virtualNetworks/uat-vnet/subnets/db",
            "network_security_group_id": "/subscriptions/de07080a-e55f-4426-853d-de09e6de66a8/resourceGroups/module-uat-rg/providers/Microsoft.Network/networkSecurityGroups/uat-nsg",
            "subnet_id": "/subscriptions/de07080a-e55f-4426-853d-de09e6de66a8/resourceGroups/module-uat-rg/providers/Microsoft.Network/virtualNetworks/uat-vnet/subnets/db",
            "timeouts": null
          },
          "sensitive_attributes": [],
          "identity_schema_version": 0,
          "private": "eyJlMmJmYjczMC1lY2FhLTExZTYtOGY4OC0zNDM2M2JjN2M0YzAiOnsiY3JlYXRlIjoxODAwMDAwMDAwMDAwLCJkZWxldGUiOjE4MDAwMDAwMDAwMDAsInJlYWQiOjMwMDAwMDAwMDAwMH19",
          "dependencies": [
            "module.networking.azurerm_virtual_network.this",
            "module.nsg.azurerm_network_security_group.this",
            "module.resource_groups.azurerm_resource_group.this",
            "module.subnets.azurerm_subnet.this"
          ]
        }
      ]
    },
    {
      "module": "module.nsg_association[\"uat-web\"]",
      "mode": "managed",
      "type": "azurerm_subnet_network_security_group_association",
      "name": "this",
      "provider": "provider[\"registry.terraform.io/hashicorp/azurerm\"]",
      "instances": [
        {
          "schema_version": 0,
          "attributes": {
            "id": "/subscriptions/de07080a-e55f-4426-853d-de09e6de66a8/resourceGroups/module-uat-rg/providers/Microsoft.Network/virtualNetworks/uat-vnet/subnets/web",
            "network_security_group_id": "/subscriptions/de07080a-e55f-4426-853d-de09e6de66a8/resourceGroups/module-uat-rg/providers/Microsoft.Network/networkSecurityGroups/uat-nsg",
            "subnet_id": "/subscriptions/de07080a-e55f-4426-853d-de09e6de66a8/resourceGroups/module-uat-rg/providers/Microsoft.Network/virtualNetworks/uat-vnet/subnets/web",
            "timeouts": null
          },
          "sensitive_attributes": [],
          "identity_schema_version": 0,
          "private": "eyJlMmJmYjczMC1lY2FhLTExZTYtOGY4OC0zNDM2M2JjN2M0YzAiOnsiY3JlYXRlIjoxODAwMDAwMDAwMDAwLCJkZWxldGUiOjE4MDAwMDAwMDAwMDAsInJlYWQiOjMwMDAwMDAwMDAwMH19",
          "dependencies": [
            "module.networking.azurerm_virtual_network.this",
            "module.nsg.azurerm_network_security_group.this",
            "module.resource_groups.azurerm_resource_group.this",
            "module.subnets.azurerm_subnet.this"
          ]
        }
      ]
    },
    {
      "module": "module.resource_groups[\"dev\"]",
      "mode": "managed",
      "type": "azurerm_resource_group",
      "name": "this",
      "provider": "provider[\"registry.terraform.io/hashicorp/azurerm\"]",
      "instances": [
        {
          "schema_version": 0,
          "attributes": {
            "id": "/subscriptions/de07080a-e55f-4426-853d-de09e6de66a8/resourceGroups/module-dev-rg",
            "location": "eastus",
            "managed_by": "",
            "name": "module-dev-rg",
            "tags": {
              "environment": "dev",
              "owner": "devops"
            },
            "timeouts": null
          },
          "sensitive_attributes": [],
          "identity_schema_version": 0,
          "private": "eyJlMmJmYjczMC1lY2FhLTExZTYtOGY4OC0zNDM2M2JjN2M0YzAiOnsiY3JlYXRlIjo1NDAwMDAwMDAwMDAwLCJkZWxldGUiOjU0MDAwMDAwMDAwMDAsInJlYWQiOjMwMDAwMDAwMDAwMCwidXBkYXRlIjo1NDAwMDAwMDAwMDAwfX0="
        }
      ]
    },
    {
      "module": "module.resource_groups[\"prod\"]",
      "mode": "managed",
      "type": "azurerm_resource_group",
      "name": "this",
      "provider": "provider[\"registry.terraform.io/hashicorp/azurerm\"]",
      "instances": [
        {
          "schema_version": 0,
          "attributes": {
            "id": "/subscriptions/de07080a-e55f-4426-853d-de09e6de66a8/resourceGroups/module-prod-rg",
            "location": "westus",
            "managed_by": "",
            "name": "module-prod-rg",
            "tags": {
              "environment": "prod",
              "owner": "platform"
            },
            "timeouts": null
          },
          "sensitive_attributes": [],
          "identity_schema_version": 0,
          "private": "eyJlMmJmYjczMC1lY2FhLTExZTYtOGY4OC0zNDM2M2JjN2M0YzAiOnsiY3JlYXRlIjo1NDAwMDAwMDAwMDAwLCJkZWxldGUiOjU0MDAwMDAwMDAwMDAsInJlYWQiOjMwMDAwMDAwMDAwMCwidXBkYXRlIjo1NDAwMDAwMDAwMDAwfX0="
        }
      ]
    },
    {
      "module": "module.resource_groups[\"uat\"]",
      "mode": "managed",
      "type": "azurerm_resource_group",
      "name": "this",
      "provider": "provider[\"registry.terraform.io/hashicorp/azurerm\"]",
      "instances": [
        {
          "schema_version": 0,
          "attributes": {
            "id": "/subscriptions/de07080a-e55f-4426-853d-de09e6de66a8/resourceGroups/module-uat-rg",
            "location": "westus",
            "managed_by": "",
            "name": "module-uat-rg",
            "tags": {
              "environment": "uat",
              "owner": "devops"
            },
            "timeouts": null
          },
          "sensitive_attributes": [],
          "identity_schema_version": 0,
          "private": "eyJlMmJmYjczMC1lY2FhLTExZTYtOGY4OC0zNDM2M2JjN2M0YzAiOnsiY3JlYXRlIjo1NDAwMDAwMDAwMDAwLCJkZWxldGUiOjU0MDAwMDAwMDAwMDAsInJlYWQiOjMwMDAwMDAwMDAwMCwidXBkYXRlIjo1NDAwMDAwMDAwMDAwfX0="
        }
      ]
    },
    {
      "module": "module.security[\"dev\"]",
      "mode": "managed",
      "type": "azurerm_key_vault",
      "name": "this",
      "provider": "provider[\"registry.terraform.io/hashicorp/azurerm\"]",
      "instances": [
        {
          "schema_version": 2,
          "attributes": {
            "access_policy": [],
            "contact": [],
            "enable_rbac_authorization": false,
            "enabled_for_deployment": false,
            "enabled_for_disk_encryption": false,
            "enabled_for_template_deployment": false,
            "id": "/subscriptions/de07080a-e55f-4426-853d-de09e6de66a8/resourceGroups/module-dev-rg/providers/Microsoft.KeyVault/vaults/kv-dev-lz-001",
            "location": "eastus",
            "name": "kv-dev-lz-001",
            "network_acls": [
              {
                "bypass": "AzureServices",
                "default_action": "Allow",
                "ip_rules": [],
                "virtual_network_subnet_ids": []
              }
            ],
            "public_network_access_enabled": false,
            "purge_protection_enabled": true,
            "resource_group_name": "module-dev-rg",
            "sku_name": "standard",
            "soft_delete_retention_days": 7,
            "tags": {
              "environment": "dev",
              "owner": "devops"
            },
            "tenant_id": "139a10da-0e8f-4b9a-afda-6985517e8411",
            "timeouts": null,
            "vault_uri": "https://kv-dev-lz-001.vault.azure.net/"
          },
          "sensitive_attributes": [],
          "identity_schema_version": 0,
          "private": "eyJlMmJmYjczMC1lY2FhLTExZTYtOGY4OC0zNDM2M2JjN2M0YzAiOnsiY3JlYXRlIjoxODAwMDAwMDAwMDAwLCJkZWxldGUiOjE4MDAwMDAwMDAwMDAsInJlYWQiOjMwMDAwMDAwMDAwMCwidXBkYXRlIjoxODAwMDAwMDAwMDAwfSwic2NoZW1hX3ZlcnNpb24iOiIyIn0=",
          "dependencies": [
            "module.resource_groups.azurerm_resource_group.this"
          ]
        }
      ]
    },
    {
      "module": "module.security[\"prod\"]",
      "mode": "managed",
      "type": "azurerm_key_vault",
      "name": "this",
      "provider": "provider[\"registry.terraform.io/hashicorp/azurerm\"]",
      "instances": [
        {
          "schema_version": 2,
          "attributes": {
            "access_policy": [],
            "contact": [],
            "enable_rbac_authorization": false,
            "enabled_for_deployment": false,
            "enabled_for_disk_encryption": false,
            "enabled_for_template_deployment": false,
            "id": "/subscriptions/de07080a-e55f-4426-853d-de09e6de66a8/resourceGroups/module-prod-rg/providers/Microsoft.KeyVault/vaults/kv-prod-lz-001",
            "location": "westus",
            "name": "kv-prod-lz-001",
            "network_acls": [
              {
                "bypass": "AzureServices",
                "default_action": "Allow",
                "ip_rules": [],
                "virtual_network_subnet_ids": []
              }
            ],
            "public_network_access_enabled": false,
            "purge_protection_enabled": true,
            "resource_group_name": "module-prod-rg",
            "sku_name": "standard",
            "soft_delete_retention_days": 7,
            "tags": {
              "environment": "prod",
              "owner": "platform"
            },
            "tenant_id": "139a10da-0e8f-4b9a-afda-6985517e8411",
            "timeouts": null,
            "vault_uri": "https://kv-prod-lz-001.vault.azure.net/"
          },
          "sensitive_attributes": [],
          "identity_schema_version": 0,
          "private": "eyJlMmJmYjczMC1lY2FhLTExZTYtOGY4OC0zNDM2M2JjN2M0YzAiOnsiY3JlYXRlIjoxODAwMDAwMDAwMDAwLCJkZWxldGUiOjE4MDAwMDAwMDAwMDAsInJlYWQiOjMwMDAwMDAwMDAwMCwidXBkYXRlIjoxODAwMDAwMDAwMDAwfSwic2NoZW1hX3ZlcnNpb24iOiIyIn0=",
          "dependencies": [
            "module.resource_groups.azurerm_resource_group.this"
          ]
        }
      ]
    },
    {
      "module": "module.security[\"uat\"]",
      "mode": "managed",
      "type": "azurerm_key_vault",
      "name": "this",
      "provider": "provider[\"registry.terraform.io/hashicorp/azurerm\"]",
      "instances": [
        {
          "schema_version": 2,
          "attributes": {
            "access_policy": [],
            "contact": [],
            "enable_rbac_authorization": false,
            "enabled_for_deployment": false,
            "enabled_for_disk_encryption": false,
            "enabled_for_template_deployment": false,
            "id": "/subscriptions/de07080a-e55f-4426-853d-de09e6de66a8/resourceGroups/module-uat-rg/providers/Microsoft.KeyVault/vaults/kv-uat-lz-001",
            "location": "westus",
            "name": "kv-uat-lz-001",
            "network_acls": [
              {
                "bypass": "AzureServices",
                "default_action": "Allow",
                "ip_rules": [],
                "virtual_network_subnet_ids": []
              }
            ],
            "public_network_access_enabled": false,
            "purge_protection_enabled": true,
            "resource_group_name": "module-uat-rg",
            "sku_name": "standard",
            "soft_delete_retention_days": 7,
            "tags": {
              "environment": "uat",
              "owner": "devops"
            },
            "tenant_id": "139a10da-0e8f-4b9a-afda-6985517e8411",
            "timeouts": null,
            "vault_uri": "https://kv-uat-lz-001.vault.azure.net/"
          },
          "sensitive_attributes": [],
          "identity_schema_version": 0,
          "private": "eyJlMmJmYjczMC1lY2FhLTExZTYtOGY4OC0zNDM2M2JjN2M0YzAiOnsiY3JlYXRlIjoxODAwMDAwMDAwMDAwLCJkZWxldGUiOjE4MDAwMDAwMDAwMDAsInJlYWQiOjMwMDAwMDAwMDAwMCwidXBkYXRlIjoxODAwMDAwMDAwMDAwfSwic2NoZW1hX3ZlcnNpb24iOiIyIn0=",
          "dependencies": [
            "module.resource_groups.azurerm_resource_group.this"
          ]
        }
      ]
    },
    {
      "module": "module.subnets[\"dev-app\"]",
      "mode": "managed",
      "type": "azurerm_subnet",
      "name": "this",
      "provider": "provider[\"registry.terraform.io/hashicorp/azurerm\"]",
      "instances": [
        {
          "schema_version": 0,
          "attributes": {
            "address_prefixes": [
              "10.10.2.0/24"
            ],
            "default_outbound_access_enabled": true,
            "delegation": [],
            "id": "/subscriptions/de07080a-e55f-4426-853d-de09e6de66a8/resourceGroups/module-dev-rg/providers/Microsoft.Network/virtualNetworks/dev-vnet/subnets/app",
            "name": "app",
            "private_endpoint_network_policies": "Disabled",
            "private_link_service_network_policies_enabled": true,
            "resource_group_name": "module-dev-rg",
            "service_endpoint_policy_ids": null,
            "service_endpoints": null,
            "timeouts": null,
            "virtual_network_name": "dev-vnet"
          },
          "sensitive_attributes": [],
          "identity_schema_version": 0,
          "private": "eyJlMmJmYjczMC1lY2FhLTExZTYtOGY4OC0zNDM2M2JjN2M0YzAiOnsiY3JlYXRlIjoxODAwMDAwMDAwMDAwLCJkZWxldGUiOjE4MDAwMDAwMDAwMDAsInJlYWQiOjMwMDAwMDAwMDAwMCwidXBkYXRlIjoxODAwMDAwMDAwMDAwfX0=",
          "dependencies": [
            "module.networking.azurerm_virtual_network.this",
            "module.resource_groups.azurerm_resource_group.this"
          ]
        }
      ]
    },
    {
      "module": "module.subnets[\"dev-db\"]",
      "mode": "managed",
      "type": "azurerm_subnet",
      "name": "this",
      "provider": "provider[\"registry.terraform.io/hashicorp/azurerm\"]",
      "instances": [
        {
          "schema_version": 0,
          "attributes": {
            "address_prefixes": [
              "10.10.3.0/24"
            ],
            "default_outbound_access_enabled": true,
            "delegation": [],
            "id": "/subscriptions/de07080a-e55f-4426-853d-de09e6de66a8/resourceGroups/module-dev-rg/providers/Microsoft.Network/virtualNetworks/dev-vnet/subnets/db",
            "name": "db",
            "private_endpoint_network_policies": "Disabled",
            "private_link_service_network_policies_enabled": true,
            "resource_group_name": "module-dev-rg",
            "service_endpoint_policy_ids": null,
            "service_endpoints": null,
            "timeouts": null,
            "virtual_network_name": "dev-vnet"
          },
          "sensitive_attributes": [],
          "identity_schema_version": 0,
          "private": "eyJlMmJmYjczMC1lY2FhLTExZTYtOGY4OC0zNDM2M2JjN2M0YzAiOnsiY3JlYXRlIjoxODAwMDAwMDAwMDAwLCJkZWxldGUiOjE4MDAwMDAwMDAwMDAsInJlYWQiOjMwMDAwMDAwMDAwMCwidXBkYXRlIjoxODAwMDAwMDAwMDAwfX0=",
          "dependencies": [
            "module.networking.azurerm_virtual_network.this",
            "module.resource_groups.azurerm_resource_group.this"
          ]
        }
      ]
    },
    {
      "module": "module.subnets[\"dev-web\"]",
      "mode": "managed",
      "type": "azurerm_subnet",
      "name": "this",
      "provider": "provider[\"registry.terraform.io/hashicorp/azurerm\"]",
      "instances": [
        {
          "schema_version": 0,
          "attributes": {
            "address_prefixes": [
              "10.10.1.0/24"
            ],
            "default_outbound_access_enabled": true,
            "delegation": [],
            "id": "/subscriptions/de07080a-e55f-4426-853d-de09e6de66a8/resourceGroups/module-dev-rg/providers/Microsoft.Network/virtualNetworks/dev-vnet/subnets/web",
            "name": "web",
            "private_endpoint_network_policies": "Disabled",
            "private_link_service_network_policies_enabled": true,
            "resource_group_name": "module-dev-rg",
            "service_endpoint_policy_ids": null,
            "service_endpoints": null,
            "timeouts": null,
            "virtual_network_name": "dev-vnet"
          },
          "sensitive_attributes": [],
          "identity_schema_version": 0,
          "private": "eyJlMmJmYjczMC1lY2FhLTExZTYtOGY4OC0zNDM2M2JjN2M0YzAiOnsiY3JlYXRlIjoxODAwMDAwMDAwMDAwLCJkZWxldGUiOjE4MDAwMDAwMDAwMDAsInJlYWQiOjMwMDAwMDAwMDAwMCwidXBkYXRlIjoxODAwMDAwMDAwMDAwfX0=",
          "dependencies": [
            "module.networking.azurerm_virtual_network.this",
            "module.resource_groups.azurerm_resource_group.this"
          ]
        }
      ]
    },
    {
      "module": "module.subnets[\"prod-app\"]",
      "mode": "managed",
      "type": "azurerm_subnet",
      "name": "this",
      "provider": "provider[\"registry.terraform.io/hashicorp/azurerm\"]",
      "instances": [
        {
          "schema_version": 0,
          "attributes": {
            "address_prefixes": [
              "10.30.2.0/24"
            ],
            "default_outbound_access_enabled": true,
            "delegation": [],
            "id": "/subscriptions/de07080a-e55f-4426-853d-de09e6de66a8/resourceGroups/module-prod-rg/providers/Microsoft.Network/virtualNetworks/prod-vnet/subnets/app",
            "name": "app",
            "private_endpoint_network_policies": "Disabled",
            "private_link_service_network_policies_enabled": true,
            "resource_group_name": "module-prod-rg",
            "service_endpoint_policy_ids": null,
            "service_endpoints": null,
            "timeouts": null,
            "virtual_network_name": "prod-vnet"
          },
          "sensitive_attributes": [],
          "identity_schema_version": 0,
          "private": "eyJlMmJmYjczMC1lY2FhLTExZTYtOGY4OC0zNDM2M2JjN2M0YzAiOnsiY3JlYXRlIjoxODAwMDAwMDAwMDAwLCJkZWxldGUiOjE4MDAwMDAwMDAwMDAsInJlYWQiOjMwMDAwMDAwMDAwMCwidXBkYXRlIjoxODAwMDAwMDAwMDAwfX0=",
          "dependencies": [
            "module.networking.azurerm_virtual_network.this",
            "module.resource_groups.azurerm_resource_group.this"
          ]
        }
      ]
    },
    {
      "module": "module.subnets[\"prod-db\"]",
      "mode": "managed",
      "type": "azurerm_subnet",
      "name": "this",
      "provider": "provider[\"registry.terraform.io/hashicorp/azurerm\"]",
      "instances": [
        {
          "schema_version": 0,
          "attributes": {
            "address_prefixes": [
              "10.30.3.0/24"
            ],
            "default_outbound_access_enabled": true,
            "delegation": [],
            "id": "/subscriptions/de07080a-e55f-4426-853d-de09e6de66a8/resourceGroups/module-prod-rg/providers/Microsoft.Network/virtualNetworks/prod-vnet/subnets/db",
            "name": "db",
            "private_endpoint_network_policies": "Disabled",
            "private_link_service_network_policies_enabled": true,
            "resource_group_name": "module-prod-rg",
            "service_endpoint_policy_ids": null,
            "service_endpoints": null,
            "timeouts": null,
            "virtual_network_name": "prod-vnet"
          },
          "sensitive_attributes": [],
          "identity_schema_version": 0,
          "private": "eyJlMmJmYjczMC1lY2FhLTExZTYtOGY4OC0zNDM2M2JjN2M0YzAiOnsiY3JlYXRlIjoxODAwMDAwMDAwMDAwLCJkZWxldGUiOjE4MDAwMDAwMDAwMDAsInJlYWQiOjMwMDAwMDAwMDAwMCwidXBkYXRlIjoxODAwMDAwMDAwMDAwfX0=",
          "dependencies": [
            "module.networking.azurerm_virtual_network.this",
            "module.resource_groups.azurerm_resource_group.this"
          ]
        }
      ]
    },
    {
      "module": "module.subnets[\"prod-web\"]",
      "mode": "managed",
      "type": "azurerm_subnet",
      "name": "this",
      "provider": "provider[\"registry.terraform.io/hashicorp/azurerm\"]",
      "instances": [
        {
          "schema_version": 0,
          "attributes": {
            "address_prefixes": [
              "10.30.1.0/24"
            ],
            "default_outbound_access_enabled": true,
            "delegation": [],
            "id": "/subscriptions/de07080a-e55f-4426-853d-de09e6de66a8/resourceGroups/module-prod-rg/providers/Microsoft.Network/virtualNetworks/prod-vnet/subnets/web",
            "name": "web",
            "private_endpoint_network_policies": "Disabled",
            "private_link_service_network_policies_enabled": true,
            "resource_group_name": "module-prod-rg",
            "service_endpoint_policy_ids": null,
            "service_endpoints": null,
            "timeouts": null,
            "virtual_network_name": "prod-vnet"
          },
          "sensitive_attributes": [],
          "identity_schema_version": 0,
          "private": "eyJlMmJmYjczMC1lY2FhLTExZTYtOGY4OC0zNDM2M2JjN2M0YzAiOnsiY3JlYXRlIjoxODAwMDAwMDAwMDAwLCJkZWxldGUiOjE4MDAwMDAwMDAwMDAsInJlYWQiOjMwMDAwMDAwMDAwMCwidXBkYXRlIjoxODAwMDAwMDAwMDAwfX0=",
          "dependencies": [
            "module.networking.azurerm_virtual_network.this",
            "module.resource_groups.azurerm_resource_group.this"
          ]
        }
      ]
    },
    {
      "module": "module.subnets[\"uat-app\"]",
      "mode": "managed",
      "type": "azurerm_subnet",
      "name": "this",
      "provider": "provider[\"registry.terraform.io/hashicorp/azurerm\"]",
      "instances": [
        {
          "schema_version": 0,
          "attributes": {
            "address_prefixes": [
              "10.20.2.0/24"
            ],
            "default_outbound_access_enabled": true,
            "delegation": [],
            "id": "/subscriptions/de07080a-e55f-4426-853d-de09e6de66a8/resourceGroups/module-uat-rg/providers/Microsoft.Network/virtualNetworks/uat-vnet/subnets/app",
            "name": "app",
            "private_endpoint_network_policies": "Disabled",
            "private_link_service_network_policies_enabled": true,
            "resource_group_name": "module-uat-rg",
            "service_endpoint_policy_ids": null,
            "service_endpoints": null,
            "timeouts": null,
            "virtual_network_name": "uat-vnet"
          },
          "sensitive_attributes": [],
          "identity_schema_version": 0,
          "private": "eyJlMmJmYjczMC1lY2FhLTExZTYtOGY4OC0zNDM2M2JjN2M0YzAiOnsiY3JlYXRlIjoxODAwMDAwMDAwMDAwLCJkZWxldGUiOjE4MDAwMDAwMDAwMDAsInJlYWQiOjMwMDAwMDAwMDAwMCwidXBkYXRlIjoxODAwMDAwMDAwMDAwfX0=",
          "dependencies": [
            "module.networking.azurerm_virtual_network.this",
            "module.resource_groups.azurerm_resource_group.this"
          ]
        }
      ]
    },
    {
      "module": "module.subnets[\"uat-db\"]",
      "mode": "managed",
      "type": "azurerm_subnet",
      "name": "this",
      "provider": "provider[\"registry.terraform.io/hashicorp/azurerm\"]",
      "instances": [
        {
          "schema_version": 0,
          "attributes": {
            "address_prefixes": [
              "10.20.3.0/24"
            ],
            "default_outbound_access_enabled": true,
            "delegation": [],
            "id": "/subscriptions/de07080a-e55f-4426-853d-de09e6de66a8/resourceGroups/module-uat-rg/providers/Microsoft.Network/virtualNetworks/uat-vnet/subnets/db",
            "name": "db",
            "private_endpoint_network_policies": "Disabled",
            "private_link_service_network_policies_enabled": true,
            "resource_group_name": "module-uat-rg",
            "service_endpoint_policy_ids": null,
            "service_endpoints": null,
            "timeouts": null,
            "virtual_network_name": "uat-vnet"
          },
          "sensitive_attributes": [],
          "identity_schema_version": 0,
          "private": "eyJlMmJmYjczMC1lY2FhLTExZTYtOGY4OC0zNDM2M2JjN2M0YzAiOnsiY3JlYXRlIjoxODAwMDAwMDAwMDAwLCJkZWxldGUiOjE4MDAwMDAwMDAwMDAsInJlYWQiOjMwMDAwMDAwMDAwMCwidXBkYXRlIjoxODAwMDAwMDAwMDAwfX0=",
          "dependencies": [
            "module.networking.azurerm_virtual_network.this",
            "module.resource_groups.azurerm_resource_group.this"
          ]
        }
      ]
    },
    {
      "module": "module.subnets[\"uat-web\"]",
      "mode": "managed",
      "type": "azurerm_subnet",
      "name": "this",
      "provider": "provider[\"registry.terraform.io/hashicorp/azurerm\"]",
      "instances": [
        {
          "schema_version": 0,
          "attributes": {
            "address_prefixes": [
              "10.20.1.0/24"
            ],
            "default_outbound_access_enabled": true,
            "delegation": [],
            "id": "/subscriptions/de07080a-e55f-4426-853d-de09e6de66a8/resourceGroups/module-uat-rg/providers/Microsoft.Network/virtualNetworks/uat-vnet/subnets/web",
            "name": "web",
            "private_endpoint_network_policies": "Disabled",
            "private_link_service_network_policies_enabled": true,
            "resource_group_name": "module-uat-rg",
            "service_endpoint_policy_ids": null,
            "service_endpoints": null,
            "timeouts": null,
            "virtual_network_name": "uat-vnet"
          },
          "sensitive_attributes": [],
          "identity_schema_version": 0,
          "private": "eyJlMmJmYjczMC1lY2FhLTExZTYtOGY4OC0zNDM2M2JjN2M0YzAiOnsiY3JlYXRlIjoxODAwMDAwMDAwMDAwLCJkZWxldGUiOjE4MDAwMDAwMDAwMDAsInJlYWQiOjMwMDAwMDAwMDAwMCwidXBkYXRlIjoxODAwMDAwMDAwMDAwfX0=",
          "dependencies": [
            "module.networking.azurerm_virtual_network.this",
            "module.resource_groups.azurerm_resource_group.this"
          ]
        }
      ]
    }
  ],
  "check_results": null
}
